Microsoft Visual Studio Solution File, Format Version 11.00
# Visual Studio 2008

Project("{163B4CA9-094B-6C81-65D4-ECA892596F5D}") = "Unity2DTutorial", "Assembly-CSharp.csproj", "{F13E8237-C8A2-2E48-B03B-6A6039034690}"
EndProject
Global
	GlobalSection(SolutionConfigurationPlatforms) = preSolution
		Debug|Any CPU = Debug|Any CPU
		Release|Any CPU = Release|Any CPU
	EndGlobalSection
	GlobalSection(ProjectConfigurationPlatforms) = postSolution
		{F13E8237-C8A2-2E48-B03B-6A6039034690}.Debug|Any CPU.ActiveCfg = Debug|Any CPU
		{F13E8237-C8A2-2E48-B03B-6A6039034690}.Debug|Any CPU.Build.0 = Debug|Any CPU
		{F13E8237-C8A2-2E48-B03B-6A6039034690}.Release|Any CPU.ActiveCfg = Release|Any CPU
		{F13E8237-C8A2-2E48-B03B-6A6039034690}.Release|Any CPU.Build.0 = Release|Any CPU
	EndGlobalSection
	GlobalSection(SolutionProperties) = preSolution
		HideSolutionNode = FALSE
	EndGlobalSection
	GlobalSection(MonoDevelopProperties) = preSolution
		StartupItem = Assembly-CSharp.csproj
	EndGlobalSection
EndGlobal
